
Microsoft Visual Studio Solution File, Format Version 12.00
# Visual Studio Version 17
VisualStudioVersion = 17.2.32616.157
MinimumVisualStudioVersion = 10.0.40219.1
Project("{9A19103F-16F7-4668-BE54-9A1E7A4F7556}") = "Base", "src\Base\Base.csproj", "{2683A66E-3F60-4794-A34B-D79A66676407}"
EndProject
Project("{9A19103F-16F7-4668-BE54-9A1E7A4F7556}") = "Base.Tests", "tests\Base.Tests\Base.Tests.csproj", "{5148ACD4-D5A9-42DB-A2FA-3CB20C411E98}"
EndProject
Project("{2150E333-8FDC-42A3-9474-1A3956D46DE8}") = "Tests", "Tests", "{387EFF82-0E64-4E5B-9B1D-6DCC0EC5D501}"
EndProject
Project("{9A19103F-16F7-4668-BE54-9A1E7A4F7556}") = "SolidWorks", "src\SolidWorks\SolidWorks.csproj", "{28947993-3E55-436C-B885-6EDDAA8BC7D6}"
EndProject
Project("{9A19103F-16F7-4668-BE54-9A1E7A4F7556}") = "Toolkit", "src\Toolkit\Toolkit.csproj", "{8EDFF821-4D1B-4AC1-BD32-5DA87E693F46}"
EndProject
Project("{9A19103F-16F7-4668-BE54-9A1E7A4F7556}") = "SolidWorks.Tests", "tests\SolidWorks.Tests\SolidWorks.Tests.csproj", "{B004D2AD-BFC7-49EA-AC18-04CF99A2547C}"
EndProject
Project("{9A19103F-16F7-4668-BE54-9A1E7A4F7556}") = "Toolkit.Tests", "tests\Toolkit.Tests\Toolkit.Tests.csproj", "{59CE51CF-1828-49AB-8671-DCC7DBD18F9B}"
EndProject
Project("{2150E333-8FDC-42A3-9474-1A3956D46DE8}") = "Samples", "Samples", "{19753BF5-5F8F-481B-8CC0-1422293B3F7A}"
EndProject
Project("{FAE04EC0-301F-11D3-BF4B-00C04F79EFBC}") = "SwAddIn", "samples\SwAddIn\SwAddIn.csproj", "{01EA9ADD-493F-48D8-9A0E-433AB52BDF2A}"
EndProject
Project("{FAE04EC0-301F-11D3-BF4B-00C04F79EFBC}") = "StandAlone", "samples\StandAlone\StandAlone.csproj", "{BD033704-C0D3-4BCD-AB67-745823390284}"
EndProject
Project("{2150E333-8FDC-42A3-9474-1A3956D46DE8}") = "Integration", "Integration", "{28BFC3E1-25EA-4934-80F5-2EFCA6E4494B}"
EndProject
Project("{9A19103F-16F7-4668-BE54-9A1E7A4F7556}") = "SolidWorks.Tests.Integration", "tests\integration\SolidWorks.Tests.Integration\SolidWorks.Tests.Integration.csproj", "{E3EDBDB3-7C1B-4DBC-841A-965D95C383EB}"
EndProject
Project("{2150E333-8FDC-42A3-9474-1A3956D46DE8}") = "Docs", "Docs", "{6D2A43FF-9E49-46B4-BF9C-A9BA87330735}"
EndProject
Project("{9A19103F-16F7-4668-BE54-9A1E7A4F7556}") = "Docs", "docs\_src\Docs.csproj", "{9FA56430-CFCD-4975-AAA9-2C18999DE264}"
EndProject
Project("{9A19103F-16F7-4668-BE54-9A1E7A4F7556}") = "SwDocumentManager", "src\SwDocumentManager\SwDocumentManager.csproj", "{2545B9A8-C1B9-45D3-8CF7-80DDC9A78B4D}"
EndProject
Project("{9A19103F-16F7-4668-BE54-9A1E7A4F7556}") = "SolidWorksDocMgr.Tests.Integration", "tests\integration\SolidWorksDocMgr.Tests.Integration\SolidWorksDocMgr.Tests.Integration.csproj", "{1F231B39-C8DB-4A70-AF1B-022DEC24E9D9}"
EndProject
Project("{9A19103F-16F7-4668-BE54-9A1E7A4F7556}") = "SwDocumentManager.Tests", "tests\SwDocumentManager.Tests\SwDocumentManager.Tests.csproj", "{4D164ACD-3CA3-4866-B184-4B2442DD5307}"
EndProject
Project("{9A19103F-16F7-4668-BE54-9A1E7A4F7556}") = "Inventor", "src\Inventor\Inventor.csproj", "{68199E7F-656F-4A7F-BBC3-AF25B5DDDDBF}"
	ProjectSection(ProjectDependencies) = postProject
		{4E3D108D-F7FB-4B6E-9ED0-A296720FC734} = {4E3D108D-F7FB-4B6E-9ED0-A296720FC734}
	EndProjectSection
EndProject
Project("{9A19103F-16F7-4668-BE54-9A1E7A4F7556}") = "StandAlone.Inventor", "samples\StandAlone.Inventor\StandAlone.Inventor.csproj", "{F0EE52D1-14A2-4827-811D-4E692F185341}"
EndProject
Project("{2150E333-8FDC-42A3-9474-1A3956D46DE8}") = "Tools", "Tools", "{687863F5-7B23-4D48-B8F0-339F3D2869A8}"
EndProject
Project("{9A19103F-16F7-4668-BE54-9A1E7A4F7556}") = "InventorStandAloneConnectorAddIn", "tools\InventorStandAloneConnectorAddIn\InventorStandAloneConnectorAddIn.csproj", "{4E3D108D-F7FB-4B6E-9ED0-A296720FC734}"
EndProject
Project("{2150E333-8FDC-42A3-9474-1A3956D46DE8}") = "Templates", "Templates", "{71AEE7FC-156E-4023-BDAC-B0C106BAABCE}"
EndProject
Project("{9A19103F-16F7-4668-BE54-9A1E7A4F7556}") = "__TemplateNamePlaceholder__SwAddin", "templates\SwAddIn\__TemplateNamePlaceholder__SwAddin\__TemplateNamePlaceholder__SwAddin.csproj", "{B5CC8DA7-52B1-4F32-AA1D-2636B57E86BF}"
EndProject
Project("{2150E333-8FDC-42A3-9474-1A3956D46DE8}") = "SwAddIn", "SwAddIn", "{F70EAA56-E24B-44FE-A2C5-7EC8B1BC3D50}"
EndProject
Global
	GlobalSection(SolutionConfigurationPlatforms) = preSolution
		Debug|Any CPU = Debug|Any CPU
		Release|Any CPU = Release|Any CPU
	EndGlobalSection
	GlobalSection(ProjectConfigurationPlatforms) = postSolution
		{2683A66E-3F60-4794-A34B-D79A66676407}.Debug|Any CPU.ActiveCfg = Debug|Any CPU
		{2683A66E-3F60-4794-A34B-D79A66676407}.Debug|Any CPU.Build.0 = Debug|Any CPU
		{2683A66E-3F60-4794-A34B-D79A66676407}.Release|Any CPU.ActiveCfg = Release|Any CPU
		{2683A66E-3F60-4794-A34B-D79A66676407}.Release|Any CPU.Build.0 = Release|Any CPU
		{5148ACD4-D5A9-42DB-A2FA-3CB20C411E98}.Debug|Any CPU.ActiveCfg = Debug|Any CPU
		{5148ACD4-D5A9-42DB-A2FA-3CB20C411E98}.Debug|Any CPU.Build.0 = Debug|Any CPU
		{5148ACD4-D5A9-42DB-A2FA-3CB20C411E98}.Release|Any CPU.ActiveCfg = Release|Any CPU
		{5148ACD4-D5A9-42DB-A2FA-3CB20C411E98}.Release|Any CPU.Build.0 = Release|Any CPU
		{28947993-3E55-436C-B885-6EDDAA8BC7D6}.Debug|Any CPU.ActiveCfg = Debug|Any CPU
		{28947993-3E55-436C-B885-6EDDAA8BC7D6}.Debug|Any CPU.Build.0 = Debug|Any CPU
		{28947993-3E55-436C-B885-6EDDAA8BC7D6}.Release|Any CPU.ActiveCfg = Release|Any CPU
		{28947993-3E55-436C-B885-6EDDAA8BC7D6}.Release|Any CPU.Build.0 = Release|Any CPU
		{8EDFF821-4D1B-4AC1-BD32-5DA87E693F46}.Debug|Any CPU.ActiveCfg = Debug|Any CPU
		{8EDFF821-4D1B-4AC1-BD32-5DA87E693F46}.Debug|Any CPU.Build.0 = Debug|Any CPU
		{8EDFF821-4D1B-4AC1-BD32-5DA87E693F46}.Release|Any CPU.ActiveCfg = Release|Any CPU
		{8EDFF821-4D1B-4AC1-BD32-5DA87E693F46}.Release|Any CPU.Build.0 = Release|Any CPU
		{B004D2AD-BFC7-49EA-AC18-04CF99A2547C}.Debug|Any CPU.ActiveCfg = Debug|Any CPU
		{B004D2AD-BFC7-49EA-AC18-04CF99A2547C}.Debug|Any CPU.Build.0 = Debug|Any CPU
		{B004D2AD-BFC7-49EA-AC18-04CF99A2547C}.Release|Any CPU.ActiveCfg = Release|Any CPU
		{B004D2AD-BFC7-49EA-AC18-04CF99A2547C}.Release|Any CPU.Build.0 = Release|Any CPU
		{59CE51CF-1828-49AB-8671-DCC7DBD18F9B}.Debug|Any CPU.ActiveCfg = Debug|Any CPU
		{59CE51CF-1828-49AB-8671-DCC7DBD18F9B}.Debug|Any CPU.Build.0 = Debug|Any CPU
		{59CE51CF-1828-49AB-8671-DCC7DBD18F9B}.Release|Any CPU.ActiveCfg = Release|Any CPU
		{59CE51CF-1828-49AB-8671-DCC7DBD18F9B}.Release|Any CPU.Build.0 = Release|Any CPU
		{01EA9ADD-493F-48D8-9A0E-433AB52BDF2A}.Debug|Any CPU.ActiveCfg = Debug|Any CPU
		{01EA9ADD-493F-48D8-9A0E-433AB52BDF2A}.Debug|Any CPU.Build.0 = Debug|Any CPU
		{01EA9ADD-493F-48D8-9A0E-433AB52BDF2A}.Release|Any CPU.ActiveCfg = Release|Any CPU
		{01EA9ADD-493F-48D8-9A0E-433AB52BDF2A}.Release|Any CPU.Build.0 = Release|Any CPU
		{BD033704-C0D3-4BCD-AB67-745823390284}.Debug|Any CPU.ActiveCfg = Debug|Any CPU
		{BD033704-C0D3-4BCD-AB67-745823390284}.Debug|Any CPU.Build.0 = Debug|Any CPU
		{BD033704-C0D3-4BCD-AB67-745823390284}.Release|Any CPU.ActiveCfg = Release|Any CPU
		{BD033704-C0D3-4BCD-AB67-745823390284}.Release|Any CPU.Build.0 = Release|Any CPU
		{E3EDBDB3-7C1B-4DBC-841A-965D95C383EB}.Debug|Any CPU.ActiveCfg = Debug|Any CPU
		{E3EDBDB3-7C1B-4DBC-841A-965D95C383EB}.Debug|Any CPU.Build.0 = Debug|Any CPU
		{E3EDBDB3-7C1B-4DBC-841A-965D95C383EB}.Release|Any CPU.ActiveCfg = Release|Any CPU
		{E3EDBDB3-7C1B-4DBC-841A-965D95C383EB}.Release|Any CPU.Build.0 = Release|Any CPU
		{9FA56430-CFCD-4975-AAA9-2C18999DE264}.Debug|Any CPU.ActiveCfg = Debug|Any CPU
		{9FA56430-CFCD-4975-AAA9-2C18999DE264}.Debug|Any CPU.Build.0 = Debug|Any CPU
		{9FA56430-CFCD-4975-AAA9-2C18999DE264}.Release|Any CPU.ActiveCfg = Release|Any CPU
		{9FA56430-CFCD-4975-AAA9-2C18999DE264}.Release|Any CPU.Build.0 = Release|Any CPU
		{2545B9A8-C1B9-45D3-8CF7-80DDC9A78B4D}.Debug|Any CPU.ActiveCfg = Debug|Any CPU
		{2545B9A8-C1B9-45D3-8CF7-80DDC9A78B4D}.Debug|Any CPU.Build.0 = Debug|Any CPU
		{2545B9A8-C1B9-45D3-8CF7-80DDC9A78B4D}.Release|Any CPU.ActiveCfg = Release|Any CPU
		{2545B9A8-C1B9-45D3-8CF7-80DDC9A78B4D}.Release|Any CPU.Build.0 = Release|Any CPU
		{1F231B39-C8DB-4A70-AF1B-022DEC24E9D9}.Debug|Any CPU.ActiveCfg = Debug|Any CPU
		{1F231B39-C8DB-4A70-AF1B-022DEC24E9D9}.Debug|Any CPU.Build.0 = Debug|Any CPU
		{1F231B39-C8DB-4A70-AF1B-022DEC24E9D9}.Release|Any CPU.ActiveCfg = Release|Any CPU
		{1F231B39-C8DB-4A70-AF1B-022DEC24E9D9}.Release|Any CPU.Build.0 = Release|Any CPU
		{4D164ACD-3CA3-4866-B184-4B2442DD5307}.Debug|Any CPU.ActiveCfg = Debug|Any CPU
		{4D164ACD-3CA3-4866-B184-4B2442DD5307}.Debug|Any CPU.Build.0 = Debug|Any CPU
		{4D164ACD-3CA3-4866-B184-4B2442DD5307}.Release|Any CPU.ActiveCfg = Release|Any CPU
		{4D164ACD-3CA3-4866-B184-4B2442DD5307}.Release|Any CPU.Build.0 = Release|Any CPU
		{68199E7F-656F-4A7F-BBC3-AF25B5DDDDBF}.Debug|Any CPU.ActiveCfg = Debug|Any CPU
		{68199E7F-656F-4A7F-BBC3-AF25B5DDDDBF}.Debug|Any CPU.Build.0 = Debug|Any CPU
		{68199E7F-656F-4A7F-BBC3-AF25B5DDDDBF}.Release|Any CPU.ActiveCfg = Release|Any CPU
		{68199E7F-656F-4A7F-BBC3-AF25B5DDDDBF}.Release|Any CPU.Build.0 = Release|Any CPU
		{F0EE52D1-14A2-4827-811D-4E692F185341}.Debug|Any CPU.ActiveCfg = Debug|Any CPU
		{F0EE52D1-14A2-4827-811D-4E692F185341}.Debug|Any CPU.Build.0 = Debug|Any CPU
		{F0EE52D1-14A2-4827-811D-4E692F185341}.Release|Any CPU.ActiveCfg = Release|Any CPU
		{F0EE52D1-14A2-4827-811D-4E692F185341}.Release|Any CPU.Build.0 = Release|Any CPU
		{4E3D108D-F7FB-4B6E-9ED0-A296720FC734}.Debug|Any CPU.ActiveCfg = Debug|Any CPU
		{4E3D108D-F7FB-4B6E-9ED0-A296720FC734}.Debug|Any CPU.Build.0 = Debug|Any CPU
		{4E3D108D-F7FB-4B6E-9ED0-A296720FC734}.Release|Any CPU.ActiveCfg = Release|Any CPU
		{4E3D108D-F7FB-4B6E-9ED0-A296720FC734}.Release|Any CPU.Build.0 = Release|Any CPU
		{B5CC8DA7-52B1-4F32-AA1D-2636B57E86BF}.Debug|Any CPU.ActiveCfg = Debug|Any CPU
		{B5CC8DA7-52B1-4F32-AA1D-2636B57E86BF}.Debug|Any CPU.Build.0 = Debug|Any CPU
		{B5CC8DA7-52B1-4F32-AA1D-2636B57E86BF}.Release|Any CPU.ActiveCfg = Release|Any CPU
		{B5CC8DA7-52B1-4F32-AA1D-2636B57E86BF}.Release|Any CPU.Build.0 = Release|Any CPU
	EndGlobalSection
	GlobalSection(SolutionProperties) = preSolution
		HideSolutionNode = FALSE
	EndGlobalSection
	GlobalSection(NestedProjects) = preSolution
		{5148ACD4-D5A9-42DB-A2FA-3CB20C411E98} = {387EFF82-0E64-4E5B-9B1D-6DCC0EC5D501}
		{B004D2AD-BFC7-49EA-AC18-04CF99A2547C} = {387EFF82-0E64-4E5B-9B1D-6DCC0EC5D501}
		{59CE51CF-1828-49AB-8671-DCC7DBD18F9B} = {387EFF82-0E64-4E5B-9B1D-6DCC0EC5D501}
		{01EA9ADD-493F-48D8-9A0E-433AB52BDF2A} = {19753BF5-5F8F-481B-8CC0-1422293B3F7A}
		{BD033704-C0D3-4BCD-AB67-745823390284} = {19753BF5-5F8F-481B-8CC0-1422293B3F7A}
		{28BFC3E1-25EA-4934-80F5-2EFCA6E4494B} = {387EFF82-0E64-4E5B-9B1D-6DCC0EC5D501}
		{E3EDBDB3-7C1B-4DBC-841A-965D95C383EB} = {28BFC3E1-25EA-4934-80F5-2EFCA6E4494B}
		{9FA56430-CFCD-4975-AAA9-2C18999DE264} = {6D2A43FF-9E49-46B4-BF9C-A9BA87330735}
		{1F231B39-C8DB-4A70-AF1B-022DEC24E9D9} = {28BFC3E1-25EA-4934-80F5-2EFCA6E4494B}
		{4D164ACD-3CA3-4866-B184-4B2442DD5307} = {387EFF82-0E64-4E5B-9B1D-6DCC0EC5D501}
		{F0EE52D1-14A2-4827-811D-4E692F185341} = {19753BF5-5F8F-481B-8CC0-1422293B3F7A}
		{4E3D108D-F7FB-4B6E-9ED0-A296720FC734} = {687863F5-7B23-4D48-B8F0-339F3D2869A8}
		{B5CC8DA7-52B1-4F32-AA1D-2636B57E86BF} = {F70EAA56-E24B-44FE-A2C5-7EC8B1BC3D50}
		{F70EAA56-E24B-44FE-A2C5-7EC8B1BC3D50} = {71AEE7FC-156E-4023-BDAC-B0C106BAABCE}
	EndGlobalSection
	GlobalSection(ExtensibilityGlobals) = postSolution
		SolutionGuid = {C1681BF6-7447-45FF-AC57-EC2B3250B843}
	EndGlobalSection
EndGlobal
